
Microsoft Visual Studio Solution File, Format Version 12.00
# Visual Studio 2012
Project("{FAE04EC0-301F-11D3-BF4B-00C04F79EFBC}") = "PeopleWeb", "PeopleWeb\PeopleWeb.csproj", "{8D66642B-17AB-4927-AED2-EC11DC4A33C8}"
EndProject
Project("{FAE04EC0-301F-11D3-BF4B-00C04F79EFBC}") = "PeopleWin", "PeopleWin\PeopleWin.csproj", "{6FC97B8C-6D3E-41AD-9906-63734F4C00EC}"
EndProject
Project("{FAE04EC0-301F-11D3-BF4B-00C04F79EFBC}") = "PeopleBusinessLib", "PeopleBusinessLib\PeopleBusinessLib.csproj", "{2A7C0221-9283-4C4F-B6A9-10D68AA198A7}"
EndProject
Global
	GlobalSection(SolutionConfigurationPlatforms) = preSolution
		Debug|Any CPU = Debug|Any CPU
		Release|Any CPU = Release|Any CPU
	EndGlobalSection
	GlobalSection(ProjectConfigurationPlatforms) = postSolution
		{8D66642B-17AB-4927-AED2-EC11DC4A33C8}.Debug|Any CPU.ActiveCfg = Debug|Any CPU
		{8D66642B-17AB-4927-AED2-EC11DC4A33C8}.Debug|Any CPU.Build.0 = Debug|Any CPU
		{8D66642B-17AB-4927-AED2-EC11DC4A33C8}.Release|Any CPU.ActiveCfg = Release|Any CPU
		{8D66642B-17AB-4927-AED2-EC11DC4A33C8}.Release|Any CPU.Build.0 = Release|Any CPU
		{6FC97B8C-6D3E-41AD-9906-63734F4C00EC}.Debug|Any CPU.ActiveCfg = Debug|Any CPU
		{6FC97B8C-6D3E-41AD-9906-63734F4C00EC}.Debug|Any CPU.Build.0 = Debug|Any CPU
		{6FC97B8C-6D3E-41AD-9906-63734F4C00EC}.Release|Any CPU.ActiveCfg = Release|Any CPU
		{6FC97B8C-6D3E-41AD-9906-63734F4C00EC}.Release|Any CPU.Build.0 = Release|Any CPU
		{2A7C0221-9283-4C4F-B6A9-10D68AA198A7}.Debug|Any CPU.ActiveCfg = Debug|Any CPU
		{2A7C0221-9283-4C4F-B6A9-10D68AA198A7}.Debug|Any CPU.Build.0 = Debug|Any CPU
		{2A7C0221-9283-4C4F-B6A9-10D68AA198A7}.Release|Any CPU.ActiveCfg = Release|Any CPU
		{2A7C0221-9283-4C4F-B6A9-10D68AA198A7}.Release|Any CPU.Build.0 = Release|Any CPU
	EndGlobalSection
	GlobalSection(SolutionProperties) = preSolution
		HideSolutionNode = FALSE
	EndGlobalSection
EndGlobal
